
Microsoft Visual Studio Solution File, Format Version 12.00
# Visual Studio 15
VisualStudioVersion = 15.0.27130.2003
MinimumVisualStudioVersion = 10.0.40219.1
Project("{FAE04EC0-301F-11D3-BF4B-00C04F79EFBC}") = "Assemblies", "Assemblies.csproj", "{CA926722-0CEF-4B41-A936-EEC1701864A6}"
EndProject
Project("{FAE04EC0-301F-11D3-BF4B-00C04F79EFBC}") = "WebScrambler", "..\WebScrambler\WebScrambler.csproj", "{9BA613AD-C8AF-4306-B583-8F64B5A85B13}"
EndProject
Global
	GlobalSection(SolutionConfigurationPlatforms) = preSolution
		Debug|Any CPU = Debug|Any CPU
		Release|Any CPU = Release|Any CPU
	EndGlobalSection
	GlobalSection(ProjectConfigurationPlatforms) = postSolution
		{CA926722-0CEF-4B41-A936-EEC1701864A6}.Debug|Any CPU.ActiveCfg = Debug|Any CPU
		{CA926722-0CEF-4B41-A936-EEC1701864A6}.Debug|Any CPU.Build.0 = Debug|Any CPU
		{CA926722-0CEF-4B41-A936-EEC1701864A6}.Release|Any CPU.ActiveCfg = Release|Any CPU
		{CA926722-0CEF-4B41-A936-EEC1701864A6}.Release|Any CPU.Build.0 = Release|Any CPU
		{9BA613AD-C8AF-4306-B583-8F64B5A85B13}.Debug|Any CPU.ActiveCfg = Debug|Any CPU
		{9BA613AD-C8AF-4306-B583-8F64B5A85B13}.Debug|Any CPU.Build.0 = Debug|Any CPU
		{9BA613AD-C8AF-4306-B583-8F64B5A85B13}.Release|Any CPU.ActiveCfg = Release|Any CPU
		{9BA613AD-C8AF-4306-B583-8F64B5A85B13}.Release|Any CPU.Build.0 = Release|Any CPU
	EndGlobalSection
	GlobalSection(SolutionProperties) = preSolution
		HideSolutionNode = FALSE
	EndGlobalSection
	GlobalSection(ExtensibilityGlobals) = postSolution
		SolutionGuid = {A5B5C0B1-0458-42C6-81DB-DA739A373AEE}
	EndGlobalSection
EndGlobal
